
Microsoft Visual Studio Solution File, Format Version 12.00
# Visual Studio 15
VisualStudioVersion = 15.0.27703.2026
MinimumVisualStudioVersion = 10.0.40219.1
Project("{8BC9CEB8-8B4A-11D0-8D11-00A0C91BC942}") = "StarryNight", "StarryNight\StarryNight.vcxproj", "{B74EFBBF-10DE-487B-8711-966C910BD5DB}"
EndProject
Global
	GlobalSection(SolutionConfigurationPlatforms) = preSolution
		Debug|x64 = Debug|x64
		Debug|x86 = Debug|x86
		Release|x64 = Release|x64
		Release|x86 = Release|x86
	EndGlobalSection
	GlobalSection(ProjectConfigurationPlatforms) = postSolution
		{B74EFBBF-10DE-487B-8711-966C910BD5DB}.Debug|x64.ActiveCfg = Debug|x64
		{B74EFBBF-10DE-487B-8711-966C910BD5DB}.Debug|x64.Build.0 = Debug|x64
		{B74EFBBF-10DE-487B-8711-966C910BD5DB}.Debug|x86.ActiveCfg = Debug|Win32
		{B74EFBBF-10DE-487B-8711-966C910BD5DB}.Debug|x86.Build.0 = Debug|Win32
		{B74EFBBF-10DE-487B-8711-966C910BD5DB}.Release|x64.ActiveCfg = Release|x64
		{B74EFBBF-10DE-487B-8711-966C910BD5DB}.Release|x64.Build.0 = Release|x64
		{B74EFBBF-10DE-487B-8711-966C910BD5DB}.Release|x86.ActiveCfg = Release|Win32
		{B74EFBBF-10DE-487B-8711-966C910BD5DB}.Release|x86.Build.0 = Release|Win32
	EndGlobalSection
	GlobalSection(SolutionProperties) = preSolution
		HideSolutionNode = FALSE
	EndGlobalSection
	GlobalSection(ExtensibilityGlobals) = postSolution
		SolutionGuid = {961777B8-68B6-46D1-BD93-289D5B2D024C}
	EndGlobalSection
EndGlobal
